
Microsoft Visual Studio Solution File, Format Version 12.00
# Visual Studio Version 17
VisualStudioVersion = 17.9.34728.123
MinimumVisualStudioVersion = 10.0.40219.1
Project("{FAE04EC0-301F-11D3-BF4B-00C04F79EFBC}") = "TareaGrupal#1", "TareaGrupal#1\TareaGrupal#1.csproj", "{21ECE66A-7A0A-4F8B-9C20-A23C230D4CF4}"
EndProject
Global
	GlobalSection(SolutionConfigurationPlatforms) = preSolution
		Debug|Any CPU = Debug|Any CPU
		Release|Any CPU = Release|Any CPU
	EndGlobalSection
	GlobalSection(ProjectConfigurationPlatforms) = postSolution
		{21ECE66A-7A0A-4F8B-9C20-A23C230D4CF4}.Debug|Any CPU.ActiveCfg = Debug|Any CPU
		{21ECE66A-7A0A-4F8B-9C20-A23C230D4CF4}.Debug|Any CPU.Build.0 = Debug|Any CPU
		{21ECE66A-7A0A-4F8B-9C20-A23C230D4CF4}.Release|Any CPU.ActiveCfg = Release|Any CPU
		{21ECE66A-7A0A-4F8B-9C20-A23C230D4CF4}.Release|Any CPU.Build.0 = Release|Any CPU
	EndGlobalSection
	GlobalSection(SolutionProperties) = preSolution
		HideSolutionNode = FALSE
	EndGlobalSection
	GlobalSection(ExtensibilityGlobals) = postSolution
		SolutionGuid = {D7A7AADB-4108-4C0F-860C-4D3C3D1304B1}
	EndGlobalSection
EndGlobal
